
Microsoft Visual Studio Solution File, Format Version 12.00
# Visual Studio 2013
VisualStudioVersion = 12.0.31101.0
MinimumVisualStudioVersion = 10.0.40219.1
Project("{FAE04EC0-301F-11D3-BF4B-00C04F79EFBC}") = "RMPExtractorWebService", "RMPExtractor\RMPExtractorWebService.csproj", "{FD116982-24A5-43EB-906B-B75D4989408C}"
EndProject
Project("{FAE04EC0-301F-11D3-BF4B-00C04F79EFBC}") = "RMP Extractor Library Tests", "UnitTests\RMP Extractor Library Tests.csproj", "{E1E90EAA-D9DE-4239-A1F6-F3A106FDABB0}"
EndProject
Project("{FAE04EC0-301F-11D3-BF4B-00C04F79EFBC}") = "RMPExtractorLibrary", "RMPExtractorLibrary\RMPExtractorLibrary.csproj", "{32AC82E8-26C8-41B4-8CFC-FF822480F917}"
EndProject
Global
	GlobalSection(SolutionConfigurationPlatforms) = preSolution
		Debug|Any CPU = Debug|Any CPU
		Release|Any CPU = Release|Any CPU
	EndGlobalSection
	GlobalSection(ProjectConfigurationPlatforms) = postSolution
		{FD116982-24A5-43EB-906B-B75D4989408C}.Debug|Any CPU.ActiveCfg = Debug|Any CPU
		{FD116982-24A5-43EB-906B-B75D4989408C}.Debug|Any CPU.Build.0 = Debug|Any CPU
		{FD116982-24A5-43EB-906B-B75D4989408C}.Release|Any CPU.ActiveCfg = Release|Any CPU
		{FD116982-24A5-43EB-906B-B75D4989408C}.Release|Any CPU.Build.0 = Release|Any CPU
		{E1E90EAA-D9DE-4239-A1F6-F3A106FDABB0}.Debug|Any CPU.ActiveCfg = Debug|Any CPU
		{E1E90EAA-D9DE-4239-A1F6-F3A106FDABB0}.Debug|Any CPU.Build.0 = Debug|Any CPU
		{E1E90EAA-D9DE-4239-A1F6-F3A106FDABB0}.Release|Any CPU.ActiveCfg = Release|Any CPU
		{E1E90EAA-D9DE-4239-A1F6-F3A106FDABB0}.Release|Any CPU.Build.0 = Release|Any CPU
		{32AC82E8-26C8-41B4-8CFC-FF822480F917}.Debug|Any CPU.ActiveCfg = Debug|Any CPU
		{32AC82E8-26C8-41B4-8CFC-FF822480F917}.Debug|Any CPU.Build.0 = Debug|Any CPU
		{32AC82E8-26C8-41B4-8CFC-FF822480F917}.Release|Any CPU.ActiveCfg = Release|Any CPU
		{32AC82E8-26C8-41B4-8CFC-FF822480F917}.Release|Any CPU.Build.0 = Release|Any CPU
	EndGlobalSection
	GlobalSection(SolutionProperties) = preSolution
		HideSolutionNode = FALSE
	EndGlobalSection
EndGlobal
